# THIS IS AN AUTOGENERATED FILE. DO NOT EDIT THIS FILE DIRECTLY.
# yarn lockfile v1


effector-react@^22.0.4:
  version "22.0.4"
  resolved "https://registry.yarnpkg.com/effector-react/-/effector-react-22.0.4.tgz#4dcefdbf1167a0ad9a23fbabeec03a66a0f746de"
  integrity sha512-4bWdcUXZlET5uKF/+9HNeB+s7tAPrD6V7RWbTJXeDCVSwF6gXgDQMjmla7DtHsbpZxB6hSsH98JfqFq7yXbXdw==
